// !$*UTF8*$!
{
	archiveVersion = 1;
	classes = {
	};
	objectVersion = 55;
	objects = {

/* Begin PBXBuildFile section */
		2442291027DCA290002B4F85 /* KrakenDemoAppApp.swift in Sources */ = {isa = PBXBuildFile; fileRef = 2442290F27DCA290002B4F85 /* KrakenDemoAppApp.swift */; };
		2442291227DCA290002B4F85 /* KrakenHomeView.swift in Sources */ = {isa = PBXBuildFile; fileRef = 2442291127DCA290002B4F85 /* KrakenHomeView.swift */; };
		2442291427DCA292002B4F85 /* Assets.xcassets in Resources */ = {isa = PBXBuildFile; fileRef = 2442291327DCA292002B4F85 /* Assets.xcassets */; };
		2442291727DCA292002B4F85 /* Preview Assets.xcassets in Resources */ = {isa = PBXBuildFile; fileRef = 2442291627DCA292002B4F85 /* Preview Assets.xcassets */; };
		2442292127DCA293002B4F85 /* KrakenDemoAppTests.swift in Sources */ = {isa = PBXBuildFile; fileRef = 2442292027DCA293002B4F85 /* KrakenDemoAppTests.swift */; };
		2442292B27DCA293002B4F85 /* KrakenDemoAppUITests.swift in Sources */ = {isa = PBXBuildFile; fileRef = 2442292A27DCA293002B4F85 /* KrakenDemoAppUITests.swift */; };
		2442292D27DCA293002B4F85 /* KrakenDemoAppUITestsLaunchTests.swift in Sources */ = {isa = PBXBuildFile; fileRef = 2442292C27DCA293002B4F85 /* KrakenDemoAppUITestsLaunchTests.swift */; };
		2442295127DCB1D1002B4F85 /* AppCompositionRoot.swift in Sources */ = {isa = PBXBuildFile; fileRef = 2442295027DCB1D1002B4F85 /* AppCompositionRoot.swift */; };
		2442295427DCB37B002B4F85 /* TabBar.swift in Sources */ = {isa = PBXBuildFile; fileRef = 2442295327DCB37B002B4F85 /* TabBar.swift */; };
		2442295627DCB3AB002B4F85 /* TabBarItem.swift in Sources */ = {isa = PBXBuildFile; fileRef = 2442295527DCB3AB002B4F85 /* TabBarItem.swift */; };
		2442295827DCB3D5002B4F85 /* TabViewProvider.swift in Sources */ = {isa = PBXBuildFile; fileRef = 2442295727DCB3D5002B4F85 /* TabViewProvider.swift */; };
		2442295B27DCB4B7002B4F85 /* View+Ext.swift in Sources */ = {isa = PBXBuildFile; fileRef = 2442295A27DCB4B7002B4F85 /* View+Ext.swift */; };
		2442296027DCB5FC002B4F85 /* TradeView.swift in Sources */ = {isa = PBXBuildFile; fileRef = 2442295F27DCB5FC002B4F85 /* TradeView.swift */; };
		2442296227DCB625002B4F85 /* BalancesView.swift in Sources */ = {isa = PBXBuildFile; fileRef = 2442296127DCB625002B4F85 /* BalancesView.swift */; };
		2442296427DCB64E002B4F85 /* AccountView.swift in Sources */ = {isa = PBXBuildFile; fileRef = 2442296327DCB64E002B4F85 /* AccountView.swift */; };
		2442296627DCB7F4002B4F85 /* Assembler.swift in Sources */ = {isa = PBXBuildFile; fileRef = 2442296527DCB7F4002B4F85 /* Assembler.swift */; };
		2442296827DCB84D002B4F85 /* KrakenHomeAssembler.swift in Sources */ = {isa = PBXBuildFile; fileRef = 2442296727DCB84C002B4F85 /* KrakenHomeAssembler.swift */; };
		2442296A27DCB893002B4F85 /* TradeAssembler.swift in Sources */ = {isa = PBXBuildFile; fileRef = 2442296927DCB893002B4F85 /* TradeAssembler.swift */; };
		2442296C27DCB8C1002B4F85 /* BalancesAssembler.swift in Sources */ = {isa = PBXBuildFile; fileRef = 2442296B27DCB8C1002B4F85 /* BalancesAssembler.swift */; };
		2442296E27DCB8E8002B4F85 /* AccountAssembler.swift in Sources */ = {isa = PBXBuildFile; fileRef = 2442296D27DCB8E8002B4F85 /* AccountAssembler.swift */; };
		2442297127DCB925002B4F85 /* TemplateView.swift in Sources */ = {isa = PBXBuildFile; fileRef = 2442297027DCB925002B4F85 /* TemplateView.swift */; };
		2442297327DCB940002B4F85 /* TemplateAssembler.swift in Sources */ = {isa = PBXBuildFile; fileRef = 2442297227DCB940002B4F85 /* TemplateAssembler.swift */; };
		2442297527DCBB29002B4F85 /* KrakenHomeViewModel.swift in Sources */ = {isa = PBXBuildFile; fileRef = 2442297427DCBB29002B4F85 /* KrakenHomeViewModel.swift */; };
		2442297727DCBBAD002B4F85 /* TemplateViewModel.swift in Sources */ = {isa = PBXBuildFile; fileRef = 2442297627DCBBAD002B4F85 /* TemplateViewModel.swift */; };
		2442297927DCBBE2002B4F85 /* AccountViewModel.swift in Sources */ = {isa = PBXBuildFile; fileRef = 2442297827DCBBE2002B4F85 /* AccountViewModel.swift */; };
		2442297B27DCBC10002B4F85 /* BalancesViewModel.swift in Sources */ = {isa = PBXBuildFile; fileRef = 2442297A27DCBC10002B4F85 /* BalancesViewModel.swift */; };
		2442297D27DCBC34002B4F85 /* TradeViewModel.swift in Sources */ = {isa = PBXBuildFile; fileRef = 2442297C27DCBC34002B4F85 /* TradeViewModel.swift */; };
		2442298027DCC3C0002B4F85 /* PairDetailsView.swift in Sources */ = {isa = PBXBuildFile; fileRef = 2442297F27DCC3C0002B4F85 /* PairDetailsView.swift */; };
		2442298227DCC3D5002B4F85 /* PairDetailsViewModel.swift in Sources */ = {isa = PBXBuildFile; fileRef = 2442298127DCC3D5002B4F85 /* PairDetailsViewModel.swift */; };
		2442298427DCC3EB002B4F85 /* PairDetailsAssembler.swift in Sources */ = {isa = PBXBuildFile; fileRef = 2442298327DCC3EB002B4F85 /* PairDetailsAssembler.swift */; };
		2442298627DCC4E5002B4F85 /* NavigationDirection.swift in Sources */ = {isa = PBXBuildFile; fileRef = 2442298527DCC4E5002B4F85 /* NavigationDirection.swift */; };
		2442298827DCC509002B4F85 /* NavigationHandler.swift in Sources */ = {isa = PBXBuildFile; fileRef = 2442298727DCC509002B4F85 /* NavigationHandler.swift */; };
		2442298A27DCC538002B4F85 /* NavigationDestination.swift in Sources */ = {isa = PBXBuildFile; fileRef = 2442298927DCC538002B4F85 /* NavigationDestination.swift */; };
		2442298C27DCC581002B4F85 /* NavigationViewFactory.swift in Sources */ = {isa = PBXBuildFile; fileRef = 2442298B27DCC581002B4F85 /* NavigationViewFactory.swift */; };
		2442298F27DCD134002B4F85 /* KrakenAPI.swift in Sources */ = {isa = PBXBuildFile; fileRef = 2442298E27DCD134002B4F85 /* KrakenAPI.swift */; };
		2442299227DCD2FE002B4F85 /* CacheManager.swift in Sources */ = {isa = PBXBuildFile; fileRef = 2442299127DCD2FE002B4F85 /* CacheManager.swift */; };
		2442299527DCD369002B4F85 /* URL-Ext.swift in Sources */ = {isa = PBXBuildFile; fileRef = 2442299427DCD369002B4F85 /* URL-Ext.swift */; };
		2442299727DCD388002B4F85 /* URLSession-Ext.swift in Sources */ = {isa = PBXBuildFile; fileRef = 2442299627DCD388002B4F85 /* URLSession-Ext.swift */; };
		2442299927DCD3BE002B4F85 /* String+Ext.swift in Sources */ = {isa = PBXBuildFile; fileRef = 2442299827DCD3BE002B4F85 /* String+Ext.swift */; };
		2442299B27DCD66C002B4F85 /* TradingAssetPair.swift in Sources */ = {isa = PBXBuildFile; fileRef = 2442299A27DCD66C002B4F85 /* TradingAssetPair.swift */; };
		2442299D27DCD697002B4F85 /* Ticker.swift in Sources */ = {isa = PBXBuildFile; fileRef = 2442299C27DCD697002B4F85 /* Ticker.swift */; };
		2442299F27DCD6BC002B4F85 /* TickData.swift in Sources */ = {isa = PBXBuildFile; fileRef = 2442299E27DCD6BC002B4F85 /* TickData.swift */; };
		244229A327DCD953002B4F85 /* LoadTradingAssetPairsUseCase.swift in Sources */ = {isa = PBXBuildFile; fileRef = 244229A027DCD953002B4F85 /* LoadTradingAssetPairsUseCase.swift */; };
		244229A427DCD953002B4F85 /* LoadOHLCDataUseCase.swift in Sources */ = {isa = PBXBuildFile; fileRef = 244229A127DCD953002B4F85 /* LoadOHLCDataUseCase.swift */; };
		244229A527DCD953002B4F85 /* LoadTickerUseCase.swift in Sources */ = {isa = PBXBuildFile; fileRef = 244229A227DCD953002B4F85 /* LoadTickerUseCase.swift */; };
		244229A727DCD9F4002B4F85 /* KrakenRepository.swift in Sources */ = {isa = PBXBuildFile; fileRef = 244229A627DCD9F4002B4F85 /* KrakenRepository.swift */; };
/* End PBXBuildFile section */

/* Begin PBXContainerItemProxy section */
		2442291D27DCA293002B4F85 /* PBXContainerItemProxy */ = {
			isa = PBXContainerItemProxy;
			containerPortal = 2442290427DCA290002B4F85 /* Project object */;
			proxyType = 1;
			remoteGlobalIDString = 2442290B27DCA290002B4F85;
			remoteInfo = KrakenDemoApp;
		};
		2442292727DCA293002B4F85 /* PBXContainerItemProxy */ = {
			isa = PBXContainerItemProxy;
			containerPortal = 2442290427DCA290002B4F85 /* Project object */;
			proxyType = 1;
			remoteGlobalIDString = 2442290B27DCA290002B4F85;
			remoteInfo = KrakenDemoApp;
		};
/* End PBXContainerItemProxy section */

/* Begin PBXFileReference section */
		2442290C27DCA290002B4F85 /* KrakenDemoApp.app */ = {isa = PBXFileReference; explicitFileType = wrapper.application; includeInIndex = 0; path = KrakenDemoApp.app; sourceTree = BUILT_PRODUCTS_DIR; };
		2442290F27DCA290002B4F85 /* KrakenDemoAppApp.swift */ = {isa = PBXFileReference; lastKnownFileType = sourcecode.swift; path = KrakenDemoAppApp.swift; sourceTree = "<group>"; };
		2442291127DCA290002B4F85 /* KrakenHomeView.swift */ = {isa = PBXFileReference; lastKnownFileType = sourcecode.swift; path = KrakenHomeView.swift; sourceTree = "<group>"; };
		2442291327DCA292002B4F85 /* Assets.xcassets */ = {isa = PBXFileReference; lastKnownFileType = folder.assetcatalog; path = Assets.xcassets; sourceTree = "<group>"; };
		2442291627DCA292002B4F85 /* Preview Assets.xcassets */ = {isa = PBXFileReference; lastKnownFileType = folder.assetcatalog; path = "Preview Assets.xcassets"; sourceTree = "<group>"; };
		2442291C27DCA293002B4F85 /* KrakenDemoAppTests.xctest */ = {isa = PBXFileReference; explicitFileType = wrapper.cfbundle; includeInIndex = 0; path = KrakenDemoAppTests.xctest; sourceTree = BUILT_PRODUCTS_DIR; };
		2442292027DCA293002B4F85 /* KrakenDemoAppTests.swift */ = {isa = PBXFileReference; lastKnownFileType = sourcecode.swift; path = KrakenDemoAppTests.swift; sourceTree = "<group>"; };
		2442292627DCA293002B4F85 /* KrakenDemoAppUITests.xctest */ = {isa = PBXFileReference; explicitFileType = wrapper.cfbundle; includeInIndex = 0; path = KrakenDemoAppUITests.xctest; sourceTree = BUILT_PRODUCTS_DIR; };
		2442292A27DCA293002B4F85 /* KrakenDemoAppUITests.swift */ = {isa = PBXFileReference; lastKnownFileType = sourcecode.swift; path = KrakenDemoAppUITests.swift; sourceTree = "<group>"; };
		2442292C27DCA293002B4F85 /* KrakenDemoAppUITestsLaunchTests.swift */ = {isa = PBXFileReference; lastKnownFileType = sourcecode.swift; path = KrakenDemoAppUITestsLaunchTests.swift; sourceTree = "<group>"; };
		2442295027DCB1D1002B4F85 /* AppCompositionRoot.swift */ = {isa = PBXFileReference; lastKnownFileType = sourcecode.swift; path = AppCompositionRoot.swift; sourceTree = "<group>"; };
		2442295327DCB37B002B4F85 /* TabBar.swift */ = {isa = PBXFileReference; lastKnownFileType = sourcecode.swift; path = TabBar.swift; sourceTree = "<group>"; };
		2442295527DCB3AB002B4F85 /* TabBarItem.swift */ = {isa = PBXFileReference; lastKnownFileType = sourcecode.swift; path = TabBarItem.swift; sourceTree = "<group>"; };
		2442295727DCB3D5002B4F85 /* TabViewProvider.swift */ = {isa = PBXFileReference; lastKnownFileType = sourcecode.swift; path = TabViewProvider.swift; sourceTree = "<group>"; };
		2442295A27DCB4B7002B4F85 /* View+Ext.swift */ = {isa = PBXFileReference; lastKnownFileType = sourcecode.swift; path = "View+Ext.swift"; sourceTree = "<group>"; };
		2442295F27DCB5FC002B4F85 /* TradeView.swift */ = {isa = PBXFileReference; lastKnownFileType = sourcecode.swift; path = TradeView.swift; sourceTree = "<group>"; };
		2442296127DCB625002B4F85 /* BalancesView.swift */ = {isa = PBXFileReference; lastKnownFileType = sourcecode.swift; path = BalancesView.swift; sourceTree = "<group>"; };
		2442296327DCB64E002B4F85 /* AccountView.swift */ = {isa = PBXFileReference; lastKnownFileType = sourcecode.swift; path = AccountView.swift; sourceTree = "<group>"; };
		2442296527DCB7F4002B4F85 /* Assembler.swift */ = {isa = PBXFileReference; lastKnownFileType = sourcecode.swift; path = Assembler.swift; sourceTree = "<group>"; };
		2442296727DCB84C002B4F85 /* KrakenHomeAssembler.swift */ = {isa = PBXFileReference; lastKnownFileType = sourcecode.swift; path = KrakenHomeAssembler.swift; sourceTree = "<group>"; };
		2442296927DCB893002B4F85 /* TradeAssembler.swift */ = {isa = PBXFileReference; lastKnownFileType = sourcecode.swift; path = TradeAssembler.swift; sourceTree = "<group>"; };
		2442296B27DCB8C1002B4F85 /* BalancesAssembler.swift */ = {isa = PBXFileReference; lastKnownFileType = sourcecode.swift; path = BalancesAssembler.swift; sourceTree = "<group>"; };
		2442296D27DCB8E8002B4F85 /* AccountAssembler.swift */ = {isa = PBXFileReference; lastKnownFileType = sourcecode.swift; path = AccountAssembler.swift; sourceTree = "<group>"; };
		2442297027DCB925002B4F85 /* TemplateView.swift */ = {isa = PBXFileReference; lastKnownFileType = sourcecode.swift; path = TemplateView.swift; sourceTree = "<group>"; };
		2442297227DCB940002B4F85 /* TemplateAssembler.swift */ = {isa = PBXFileReference; lastKnownFileType = sourcecode.swift; path = TemplateAssembler.swift; sourceTree = "<group>"; };
		2442297427DCBB29002B4F85 /* KrakenHomeViewModel.swift */ = {isa = PBXFileReference; lastKnownFileType = sourcecode.swift; path = KrakenHomeViewModel.swift; sourceTree = "<group>"; };
		2442297627DCBBAD002B4F85 /* TemplateViewModel.swift */ = {isa = PBXFileReference; lastKnownFileType = sourcecode.swift; path = TemplateViewModel.swift; sourceTree = "<group>"; };
		2442297827DCBBE2002B4F85 /* AccountViewModel.swift */ = {isa = PBXFileReference; lastKnownFileType = sourcecode.swift; path = AccountViewModel.swift; sourceTree = "<group>"; };
		2442297A27DCBC10002B4F85 /* BalancesViewModel.swift */ = {isa = PBXFileReference; lastKnownFileType = sourcecode.swift; path = BalancesViewModel.swift; sourceTree = "<group>"; };
		2442297C27DCBC34002B4F85 /* TradeViewModel.swift */ = {isa = PBXFileReference; lastKnownFileType = sourcecode.swift; path = TradeViewModel.swift; sourceTree = "<group>"; };
		2442297F27DCC3C0002B4F85 /* PairDetailsView.swift */ = {isa = PBXFileReference; lastKnownFileType = sourcecode.swift; path = PairDetailsView.swift; sourceTree = "<group>"; };
		2442298127DCC3D5002B4F85 /* PairDetailsViewModel.swift */ = {isa = PBXFileReference; lastKnownFileType = sourcecode.swift; path = PairDetailsViewModel.swift; sourceTree = "<group>"; };
		2442298327DCC3EB002B4F85 /* PairDetailsAssembler.swift */ = {isa = PBXFileReference; lastKnownFileType = sourcecode.swift; path = PairDetailsAssembler.swift; sourceTree = "<group>"; };
		2442298527DCC4E5002B4F85 /* NavigationDirection.swift */ = {isa = PBXFileReference; lastKnownFileType = sourcecode.swift; path = NavigationDirection.swift; sourceTree = "<group>"; };
		2442298727DCC509002B4F85 /* NavigationHandler.swift */ = {isa = PBXFileReference; lastKnownFileType = sourcecode.swift; path = NavigationHandler.swift; sourceTree = "<group>"; };
		2442298927DCC538002B4F85 /* NavigationDestination.swift */ = {isa = PBXFileReference; lastKnownFileType = sourcecode.swift; path = NavigationDestination.swift; sourceTree = "<group>"; };
		2442298B27DCC581002B4F85 /* NavigationViewFactory.swift */ = {isa = PBXFileReference; lastKnownFileType = sourcecode.swift; path = NavigationViewFactory.swift; sourceTree = "<group>"; };
		2442298E27DCD134002B4F85 /* KrakenAPI.swift */ = {isa = PBXFileReference; lastKnownFileType = sourcecode.swift; path = KrakenAPI.swift; sourceTree = "<group>"; };
		2442299127DCD2FE002B4F85 /* CacheManager.swift */ = {isa = PBXFileReference; lastKnownFileType = sourcecode.swift; path = CacheManager.swift; sourceTree = "<group>"; };
		2442299427DCD369002B4F85 /* URL-Ext.swift */ = {isa = PBXFileReference; lastKnownFileType = sourcecode.swift; path = "URL-Ext.swift"; sourceTree = "<group>"; };
		2442299627DCD388002B4F85 /* URLSession-Ext.swift */ = {isa = PBXFileReference; lastKnownFileType = sourcecode.swift; path = "URLSession-Ext.swift"; sourceTree = "<group>"; };
		2442299827DCD3BE002B4F85 /* String+Ext.swift */ = {isa = PBXFileReference; lastKnownFileType = sourcecode.swift; path = "String+Ext.swift"; sourceTree = "<group>"; };
		2442299A27DCD66C002B4F85 /* TradingAssetPair.swift */ = {isa = PBXFileReference; lastKnownFileType = sourcecode.swift; path = TradingAssetPair.swift; sourceTree = "<group>"; };
		2442299C27DCD697002B4F85 /* Ticker.swift */ = {isa = PBXFileReference; lastKnownFileType = sourcecode.swift; path = Ticker.swift; sourceTree = "<group>"; };
		2442299E27DCD6BC002B4F85 /* TickData.swift */ = {isa = PBXFileReference; lastKnownFileType = sourcecode.swift; path = TickData.swift; sourceTree = "<group>"; };
		244229A027DCD953002B4F85 /* LoadTradingAssetPairsUseCase.swift */ = {isa = PBXFileReference; fileEncoding = 4; lastKnownFileType = sourcecode.swift; path = LoadTradingAssetPairsUseCase.swift; sourceTree = "<group>"; };
		244229A127DCD953002B4F85 /* LoadOHLCDataUseCase.swift */ = {isa = PBXFileReference; fileEncoding = 4; lastKnownFileType = sourcecode.swift; path = LoadOHLCDataUseCase.swift; sourceTree = "<group>"; };
		244229A227DCD953002B4F85 /* LoadTickerUseCase.swift */ = {isa = PBXFileReference; fileEncoding = 4; lastKnownFileType = sourcecode.swift; path = LoadTickerUseCase.swift; sourceTree = "<group>"; };
		244229A627DCD9F4002B4F85 /* KrakenRepository.swift */ = {isa = PBXFileReference; lastKnownFileType = sourcecode.swift; path = KrakenRepository.swift; sourceTree = "<group>"; };
/* End PBXFileReference section */

/* Begin PBXFrameworksBuildPhase section */
		2442290927DCA290002B4F85 /* Frameworks */ = {
			isa = PBXFrameworksBuildPhase;
			buildActionMask = 2147483647;
			files = (
			);
			runOnlyForDeploymentPostprocessing = 0;
		};
		2442291927DCA293002B4F85 /* Frameworks */ = {
			isa = PBXFrameworksBuildPhase;
			buildActionMask = 2147483647;
			files = (
			);
			runOnlyForDeploymentPostprocessing = 0;
		};
		2442292327DCA293002B4F85 /* Frameworks */ = {
			isa = PBXFrameworksBuildPhase;
			buildActionMask = 2147483647;
			files = (
			);
			runOnlyForDeploymentPostprocessing = 0;
		};
/* End PBXFrameworksBuildPhase section */

/* Begin PBXGroup section */
		2442290327DCA290002B4F85 = {
			isa = PBXGroup;
			children = (
				2442290E27DCA290002B4F85 /* KrakenDemoApp */,
				2442291F27DCA293002B4F85 /* KrakenDemoAppTests */,
				2442292927DCA293002B4F85 /* KrakenDemoAppUITests */,
				2442290D27DCA290002B4F85 /* Products */,
			);
			sourceTree = "<group>";
		};
		2442290D27DCA290002B4F85 /* Products */ = {
			isa = PBXGroup;
			children = (
				2442290C27DCA290002B4F85 /* KrakenDemoApp.app */,
				2442291C27DCA293002B4F85 /* KrakenDemoAppTests.xctest */,
				2442292627DCA293002B4F85 /* KrakenDemoAppUITests.xctest */,
			);
			name = Products;
			sourceTree = "<group>";
		};
		2442290E27DCA290002B4F85 /* KrakenDemoApp */ = {
			isa = PBXGroup;
			children = (
				2442293927DCAB43002B4F85 /* Utils */,
				2442293A27DCAB50002B4F85 /* Data */,
				2442293D27DCAB7C002B4F85 /* Domain */,
				2442293C27DCAB70002B4F85 /* Presentation */,
				2442293B27DCAB60002B4F85 /* CompositionRoot */,
				2442290F27DCA290002B4F85 /* KrakenDemoAppApp.swift */,
				2442291327DCA292002B4F85 /* Assets.xcassets */,
				2442291527DCA292002B4F85 /* Preview Content */,
			);
			path = KrakenDemoApp;
			sourceTree = "<group>";
		};
		2442291527DCA292002B4F85 /* Preview Content */ = {
			isa = PBXGroup;
			children = (
				2442291627DCA292002B4F85 /* Preview Assets.xcassets */,
			);
			path = "Preview Content";
			sourceTree = "<group>";
		};
		2442291F27DCA293002B4F85 /* KrakenDemoAppTests */ = {
			isa = PBXGroup;
			children = (
				2442294827DCADCD002B4F85 /* Utils */,
				2442294B27DCADF3002B4F85 /* Data */,
				2442294A27DCADE8002B4F85 /* Domain */,
				2442294927DCADDB002B4F85 /* Presentation */,
				2442292027DCA293002B4F85 /* KrakenDemoAppTests.swift */,
			);
			path = KrakenDemoAppTests;
			sourceTree = "<group>";
		};
		2442292927DCA293002B4F85 /* KrakenDemoAppUITests */ = {
			isa = PBXGroup;
			children = (
				2442292A27DCA293002B4F85 /* KrakenDemoAppUITests.swift */,
				2442292C27DCA293002B4F85 /* KrakenDemoAppUITestsLaunchTests.swift */,
			);
			path = KrakenDemoAppUITests;
			sourceTree = "<group>";
		};
		2442293927DCAB43002B4F85 /* Utils */ = {
			isa = PBXGroup;
			children = (
				2442299327DCD348002B4F85 /* Extensions */,
				2442299027DCD2E2002B4F85 /* Caching */,
			);
			path = Utils;
			sourceTree = "<group>";
		};
		2442293A27DCAB50002B4F85 /* Data */ = {
			isa = PBXGroup;
			children = (
				2442293E27DCABD6002B4F85 /* DataService */,
				2442294027DCABF8002B4F85 /* API */,
				2442293F27DCABE9002B4F85 /* Gateways */,
			);
			path = Data;
			sourceTree = "<group>";
		};
		2442293B27DCAB60002B4F85 /* CompositionRoot */ = {
			isa = PBXGroup;
			children = (
				2442298D27DCC593002B4F85 /* Navigation */,
				2442295027DCB1D1002B4F85 /* AppCompositionRoot.swift */,
				2442296527DCB7F4002B4F85 /* Assembler.swift */,
			);
			path = CompositionRoot;
			sourceTree = "<group>";
		};
		2442293C27DCAB70002B4F85 /* Presentation */ = {
			isa = PBXGroup;
			children = (
				2442294727DCADAA002B4F85 /* Utils */,
				2442294627DCADA0002B4F85 /* Style */,
				2442294527DCAD95002B4F85 /* Navigation */,
				2442294427DCAC63002B4F85 /* Scenes */,
				2442294327DCAC57002B4F85 /* Components */,
			);
			path = Presentation;
			sourceTree = "<group>";
		};
		2442293D27DCAB7C002B4F85 /* Domain */ = {
			isa = PBXGroup;
			children = (
				2442294227DCAC26002B4F85 /* Entities */,
				2442294127DCAC19002B4F85 /* UseCases */,
			);
			path = Domain;
			sourceTree = "<group>";
		};
		2442293E27DCABD6002B4F85 /* DataService */ = {
			isa = PBXGroup;
			children = (
			);
			path = DataService;
			sourceTree = "<group>";
		};
		2442293F27DCABE9002B4F85 /* Gateways */ = {
			isa = PBXGroup;
			children = (
				244229A627DCD9F4002B4F85 /* KrakenRepository.swift */,
			);
			path = Gateways;
			sourceTree = "<group>";
		};
		2442294027DCABF8002B4F85 /* API */ = {
			isa = PBXGroup;
			children = (
				2442298E27DCD134002B4F85 /* KrakenAPI.swift */,
			);
			path = API;
			sourceTree = "<group>";
		};
		2442294127DCAC19002B4F85 /* UseCases */ = {
			isa = PBXGroup;
			children = (
				244229A127DCD953002B4F85 /* LoadOHLCDataUseCase.swift */,
				244229A227DCD953002B4F85 /* LoadTickerUseCase.swift */,
				244229A027DCD953002B4F85 /* LoadTradingAssetPairsUseCase.swift */,
			);
			path = UseCases;
			sourceTree = "<group>";
		};
		2442294227DCAC26002B4F85 /* Entities */ = {
			isa = PBXGroup;
			children = (
				2442299A27DCD66C002B4F85 /* TradingAssetPair.swift */,
				2442299C27DCD697002B4F85 /* Ticker.swift */,
				2442299E27DCD6BC002B4F85 /* TickData.swift */,
			);
			path = Entities;
			sourceTree = "<group>";
		};
		2442294327DCAC57002B4F85 /* Components */ = {
			isa = PBXGroup;
			children = (
				2442295227DCB359002B4F85 /* TabBar */,
			);
			path = Components;
			sourceTree = "<group>";
		};
		2442294427DCAC63002B4F85 /* Scenes */ = {
			isa = PBXGroup;
			children = (
				2442296F27DCB906002B4F85 /* Template */,
				2442295E27DCB5D3002B4F85 /* Account */,
				2442295D27DCB5C8002B4F85 /* Balances */,
				2442295C27DCB5BF002B4F85 /* Trade */,
				2442294F27DCAE58002B4F85 /* Home */,
				2442297E27DCC385002B4F85 /* PairDetails */,
			);
			path = Scenes;
			sourceTree = "<group>";
		};
		2442294527DCAD95002B4F85 /* Navigation */ = {
			isa = PBXGroup;
			children = (
				2442298527DCC4E5002B4F85 /* NavigationDirection.swift */,
				2442298727DCC509002B4F85 /* NavigationHandler.swift */,
			);
			path = Navigation;
			sourceTree = "<group>";
		};
		2442294627DCADA0002B4F85 /* Style */ = {
			isa = PBXGroup;
			children = (
			);
			path = Style;
			sourceTree = "<group>";
		};
		2442294727DCADAA002B4F85 /* Utils */ = {
			isa = PBXGroup;
			children = (
				2442295927DCB49B002B4F85 /* Extensions */,
			);
			path = Utils;
			sourceTree = "<group>";
		};
		2442294827DCADCD002B4F85 /* Utils */ = {
			isa = PBXGroup;
			children = (
			);
			path = Utils;
			sourceTree = "<group>";
		};
		2442294927DCADDB002B4F85 /* Presentation */ = {
			isa = PBXGroup;
			children = (
			);
			path = Presentation;
			sourceTree = "<group>";
		};
		2442294A27DCADE8002B4F85 /* Domain */ = {
			isa = PBXGroup;
			children = (
				2442294C27DCAE0A002B4F85 /* UseCases */,
			);
			path = Domain;
			sourceTree = "<group>";
		};
		2442294B27DCADF3002B4F85 /* Data */ = {
			isa = PBXGroup;
			children = (
				2442294E27DCAE26002B4F85 /* API */,
				2442294D27DCAE18002B4F85 /* Gateways */,
			);
			path = Data;
			sourceTree = "<group>";
		};
		2442294C27DCAE0A002B4F85 /* UseCases */ = {
			isa = PBXGroup;
			children = (
			);
			path = UseCases;
			sourceTree = "<group>";
		};
		2442294D27DCAE18002B4F85 /* Gateways */ = {
			isa = PBXGroup;
			children = (
			);
			path = Gateways;
			sourceTree = "<group>";
		};
		2442294E27DCAE26002B4F85 /* API */ = {
			isa = PBXGroup;
			children = (
			);
			path = API;
			sourceTree = "<group>";
		};
		2442294F27DCAE58002B4F85 /* Home */ = {
			isa = PBXGroup;
			children = (
				2442291127DCA290002B4F85 /* KrakenHomeView.swift */,
				2442297427DCBB29002B4F85 /* KrakenHomeViewModel.swift */,
				2442296727DCB84C002B4F85 /* KrakenHomeAssembler.swift */,
			);
			path = Home;
			sourceTree = "<group>";
		};
		2442295227DCB359002B4F85 /* TabBar */ = {
			isa = PBXGroup;
			children = (
				2442295327DCB37B002B4F85 /* TabBar.swift */,
				2442295527DCB3AB002B4F85 /* TabBarItem.swift */,
				2442295727DCB3D5002B4F85 /* TabViewProvider.swift */,
			);
			path = TabBar;
			sourceTree = "<group>";
		};
		2442295927DCB49B002B4F85 /* Extensions */ = {
			isa = PBXGroup;
			children = (
				2442295A27DCB4B7002B4F85 /* View+Ext.swift */,
			);
			path = Extensions;
			sourceTree = "<group>";
		};
		2442295C27DCB5BF002B4F85 /* Trade */ = {
			isa = PBXGroup;
			children = (
				2442295F27DCB5FC002B4F85 /* TradeView.swift */,
				2442297C27DCBC34002B4F85 /* TradeViewModel.swift */,
				2442296927DCB893002B4F85 /* TradeAssembler.swift */,
			);
			path = Trade;
			sourceTree = "<group>";
		};
		2442295D27DCB5C8002B4F85 /* Balances */ = {
			isa = PBXGroup;
			children = (
				2442296127DCB625002B4F85 /* BalancesView.swift */,
				2442297A27DCBC10002B4F85 /* BalancesViewModel.swift */,
				2442296B27DCB8C1002B4F85 /* BalancesAssembler.swift */,
			);
			path = Balances;
			sourceTree = "<group>";
		};
		2442295E27DCB5D3002B4F85 /* Account */ = {
			isa = PBXGroup;
			children = (
				2442296327DCB64E002B4F85 /* AccountView.swift */,
				2442297827DCBBE2002B4F85 /* AccountViewModel.swift */,
				2442296D27DCB8E8002B4F85 /* AccountAssembler.swift */,
			);
			path = Account;
			sourceTree = "<group>";
		};
		2442296F27DCB906002B4F85 /* Template */ = {
			isa = PBXGroup;
			children = (
				2442297027DCB925002B4F85 /* TemplateView.swift */,
				2442297627DCBBAD002B4F85 /* TemplateViewModel.swift */,
				2442297227DCB940002B4F85 /* TemplateAssembler.swift */,
			);
			path = Template;
			sourceTree = "<group>";
		};
		2442297E27DCC385002B4F85 /* PairDetails */ = {
			isa = PBXGroup;
			children = (
				2442297F27DCC3C0002B4F85 /* PairDetailsView.swift */,
				2442298127DCC3D5002B4F85 /* PairDetailsViewModel.swift */,
				2442298327DCC3EB002B4F85 /* PairDetailsAssembler.swift */,
			);
			path = PairDetails;
			sourceTree = "<group>";
		};
		2442298D27DCC593002B4F85 /* Navigation */ = {
			isa = PBXGroup;
			children = (
				2442298927DCC538002B4F85 /* NavigationDestination.swift */,
				2442298B27DCC581002B4F85 /* NavigationViewFactory.swift */,
			);
			path = Navigation;
			sourceTree = "<group>";
		};
		2442299027DCD2E2002B4F85 /* Caching */ = {
			isa = PBXGroup;
			children = (
				2442299127DCD2FE002B4F85 /* CacheManager.swift */,
			);
			path = Caching;
			sourceTree = "<group>";
		};
		2442299327DCD348002B4F85 /* Extensions */ = {
			isa = PBXGroup;
			children = (
				2442299427DCD369002B4F85 /* URL-Ext.swift */,
				2442299627DCD388002B4F85 /* URLSession-Ext.swift */,
				2442299827DCD3BE002B4F85 /* String+Ext.swift */,
			);
			path = Extensions;
			sourceTree = "<group>";
		};
/* End PBXGroup section */

/* Begin PBXNativeTarget section */
		2442290B27DCA290002B4F85 /* KrakenDemoApp */ = {
			isa = PBXNativeTarget;
			buildConfigurationList = 2442293027DCA293002B4F85 /* Build configuration list for PBXNativeTarget "KrakenDemoApp" */;
			buildPhases = (
				2442290827DCA290002B4F85 /* Sources */,
				2442290927DCA290002B4F85 /* Frameworks */,
				2442290A27DCA290002B4F85 /* Resources */,
			);
			buildRules = (
			);
			dependencies = (
			);
			name = KrakenDemoApp;
			productName = KrakenDemoApp;
			productReference = 2442290C27DCA290002B4F85 /* KrakenDemoApp.app */;
			productType = "com.apple.product-type.application";
		};
		2442291B27DCA293002B4F85 /* KrakenDemoAppTests */ = {
			isa = PBXNativeTarget;
			buildConfigurationList = 2442293327DCA293002B4F85 /* Build configuration list for PBXNativeTarget "KrakenDemoAppTests" */;
			buildPhases = (
				2442291827DCA293002B4F85 /* Sources */,
				2442291927DCA293002B4F85 /* Frameworks */,
				2442291A27DCA293002B4F85 /* Resources */,
			);
			buildRules = (
			);
			dependencies = (
				2442291E27DCA293002B4F85 /* PBXTargetDependency */,
			);
			name = KrakenDemoAppTests;
			productName = KrakenDemoAppTests;
			productReference = 2442291C27DCA293002B4F85 /* KrakenDemoAppTests.xctest */;
			productType = "com.apple.product-type.bundle.unit-test";
		};
		2442292527DCA293002B4F85 /* KrakenDemoAppUITests */ = {
			isa = PBXNativeTarget;
			buildConfigurationList = 2442293627DCA293002B4F85 /* Build configuration list for PBXNativeTarget "KrakenDemoAppUITests" */;
			buildPhases = (
				2442292227DCA293002B4F85 /* Sources */,
				2442292327DCA293002B4F85 /* Frameworks */,
				2442292427DCA293002B4F85 /* Resources */,
			);
			buildRules = (
			);
			dependencies = (
				2442292827DCA293002B4F85 /* PBXTargetDependency */,
			);
			name = KrakenDemoAppUITests;
			productName = KrakenDemoAppUITests;
			productReference = 2442292627DCA293002B4F85 /* KrakenDemoAppUITests.xctest */;
			productType = "com.apple.product-type.bundle.ui-testing";
		};
/* End PBXNativeTarget section */

/* Begin PBXProject section */
		2442290427DCA290002B4F85 /* Project object */ = {
			isa = PBXProject;
			attributes = {
				BuildIndependentTargetsInParallel = 1;
				LastSwiftUpdateCheck = 1320;
				LastUpgradeCheck = 1320;
				TargetAttributes = {
					2442290B27DCA290002B4F85 = {
						CreatedOnToolsVersion = 13.2.1;
					};
					2442291B27DCA293002B4F85 = {
						CreatedOnToolsVersion = 13.2.1;
						TestTargetID = 2442290B27DCA290002B4F85;
					};
					2442292527DCA293002B4F85 = {
						CreatedOnToolsVersion = 13.2.1;
						TestTargetID = 2442290B27DCA290002B4F85;
					};
				};
			};
			buildConfigurationList = 2442290727DCA290002B4F85 /* Build configuration list for PBXProject "KrakenDemoApp" */;
			compatibilityVersion = "Xcode 13.0";
			developmentRegion = en;
			hasScannedForEncodings = 0;
			knownRegions = (
				en,
				Base,
			);
			mainGroup = 2442290327DCA290002B4F85;
			productRefGroup = 2442290D27DCA290002B4F85 /* Products */;
			projectDirPath = "";
			projectRoot = "";
			targets = (
				2442290B27DCA290002B4F85 /* KrakenDemoApp */,
				2442291B27DCA293002B4F85 /* KrakenDemoAppTests */,
				2442292527DCA293002B4F85 /* KrakenDemoAppUITests */,
			);
		};
/* End PBXProject section */

/* Begin PBXResourcesBuildPhase section */
		2442290A27DCA290002B4F85 /* Resources */ = {
			isa = PBXResourcesBuildPhase;
			buildActionMask = 2147483647;
			files = (
				2442291727DCA292002B4F85 /* Preview Assets.xcassets in Resources */,
				2442291427DCA292002B4F85 /* Assets.xcassets in Resources */,
			);
			runOnlyForDeploymentPostprocessing = 0;
		};
		2442291A27DCA293002B4F85 /* Resources */ = {
			isa = PBXResourcesBuildPhase;
			buildActionMask = 2147483647;
			files = (
			);
			runOnlyForDeploymentPostprocessing = 0;
		};
		2442292427DCA293002B4F85 /* Resources */ = {
			isa = PBXResourcesBuildPhase;
			buildActionMask = 2147483647;
			files = (
			);
			runOnlyForDeploymentPostprocessing = 0;
		};
/* End PBXResourcesBuildPhase section */

/* Begin PBXSourcesBuildPhase section */
		2442290827DCA290002B4F85 /* Sources */ = {
			isa = PBXSourcesBuildPhase;
			buildActionMask = 2147483647;
			files = (
				244229A727DCD9F4002B4F85 /* KrakenRepository.swift in Sources */,
				2442295B27DCB4B7002B4F85 /* View+Ext.swift in Sources */,
				2442296C27DCB8C1002B4F85 /* BalancesAssembler.swift in Sources */,
				2442291227DCA290002B4F85 /* KrakenHomeView.swift in Sources */,
				2442291027DCA290002B4F85 /* KrakenDemoAppApp.swift in Sources */,
				2442297B27DCBC10002B4F85 /* BalancesViewModel.swift in Sources */,
				2442297127DCB925002B4F85 /* TemplateView.swift in Sources */,
				2442295627DCB3AB002B4F85 /* TabBarItem.swift in Sources */,
				2442299727DCD388002B4F85 /* URLSession-Ext.swift in Sources */,
				2442297927DCBBE2002B4F85 /* AccountViewModel.swift in Sources */,
				2442298A27DCC538002B4F85 /* NavigationDestination.swift in Sources */,
				2442296427DCB64E002B4F85 /* AccountView.swift in Sources */,
				2442296E27DCB8E8002B4F85 /* AccountAssembler.swift in Sources */,
				2442299227DCD2FE002B4F85 /* CacheManager.swift in Sources */,
				2442299D27DCD697002B4F85 /* Ticker.swift in Sources */,
				2442298427DCC3EB002B4F85 /* PairDetailsAssembler.swift in Sources */,
				2442296627DCB7F4002B4F85 /* Assembler.swift in Sources */,
				2442295827DCB3D5002B4F85 /* TabViewProvider.swift in Sources */,
				2442296827DCB84D002B4F85 /* KrakenHomeAssembler.swift in Sources */,
				2442298027DCC3C0002B4F85 /* PairDetailsView.swift in Sources */,
				2442298F27DCD134002B4F85 /* KrakenAPI.swift in Sources */,
				2442296027DCB5FC002B4F85 /* TradeView.swift in Sources */,
				2442299927DCD3BE002B4F85 /* String+Ext.swift in Sources */,
				2442299B27DCD66C002B4F85 /* TradingAssetPair.swift in Sources */,
				2442296A27DCB893002B4F85 /* TradeAssembler.swift in Sources */,
				2442299F27DCD6BC002B4F85 /* TickData.swift in Sources */,
				2442297327DCB940002B4F85 /* TemplateAssembler.swift in Sources */,
				244229A327DCD953002B4F85 /* LoadTradingAssetPairsUseCase.swift in Sources */,
				2442297727DCBBAD002B4F85 /* TemplateViewModel.swift in Sources */,
				2442298627DCC4E5002B4F85 /* NavigationDirection.swift in Sources */,
				2442297D27DCBC34002B4F85 /* TradeViewModel.swift in Sources */,
				2442298227DCC3D5002B4F85 /* PairDetailsViewModel.swift in Sources */,
				2442299527DCD369002B4F85 /* URL-Ext.swift in Sources */,
				2442296227DCB625002B4F85 /* BalancesView.swift in Sources */,
				2442295127DCB1D1002B4F85 /* AppCompositionRoot.swift in Sources */,
				2442298C27DCC581002B4F85 /* NavigationViewFactory.swift in Sources */,
				2442298827DCC509002B4F85 /* NavigationHandler.swift in Sources */,
				2442295427DCB37B002B4F85 /* TabBar.swift in Sources */,
				244229A527DCD953002B4F85 /* LoadTickerUseCase.swift in Sources */,
				244229A427DCD953002B4F85 /* LoadOHLCDataUseCase.swift in Sources */,
				2442297527DCBB29002B4F85 /* KrakenHomeViewModel.swift in Sources */,
			);
			runOnlyForDeploymentPostprocessing = 0;
		};
		2442291827DCA293002B4F85 /* Sources */ = {
			isa = PBXSourcesBuildPhase;
			buildActionMask = 2147483647;
			files = (
				2442292127DCA293002B4F85 /* KrakenDemoAppTests.swift in Sources */,
			);
			runOnlyForDeploymentPostprocessing = 0;
		};
		2442292227DCA293002B4F85 /* Sources */ = {
			isa = PBXSourcesBuildPhase;
			buildActionMask = 2147483647;
			files = (
				2442292B27DCA293002B4F85 /* KrakenDemoAppUITests.swift in Sources */,
				2442292D27DCA293002B4F85 /* KrakenDemoAppUITestsLaunchTests.swift in Sources */,
			);
			runOnlyForDeploymentPostprocessing = 0;
		};
/* End PBXSourcesBuildPhase section */

/* Begin PBXTargetDependency section */
		2442291E27DCA293002B4F85 /* PBXTargetDependency */ = {
			isa = PBXTargetDependency;
			target = 2442290B27DCA290002B4F85 /* KrakenDemoApp */;
			targetProxy = 2442291D27DCA293002B4F85 /* PBXContainerItemProxy */;
		};
		2442292827DCA293002B4F85 /* PBXTargetDependency */ = {
			isa = PBXTargetDependency;
			target = 2442290B27DCA290002B4F85 /* KrakenDemoApp */;
			targetProxy = 2442292727DCA293002B4F85 /* PBXContainerItemProxy */;
		};
/* End PBXTargetDependency section */

/* Begin XCBuildConfiguration section */
		2442292E27DCA293002B4F85 /* Debug */ = {
			isa = XCBuildConfiguration;
			buildSettings = {
				ALWAYS_SEARCH_USER_PATHS = NO;
				CLANG_ANALYZER_NONNULL = YES;
				CLANG_ANALYZER_NUMBER_OBJECT_CONVERSION = YES_AGGRESSIVE;
				CLANG_CXX_LANGUAGE_STANDARD = "gnu++17";
				CLANG_CXX_LIBRARY = "libc++";
				CLANG_ENABLE_MODULES = YES;
				CLANG_ENABLE_OBJC_ARC = YES;
				CLANG_ENABLE_OBJC_WEAK = YES;
				CLANG_WARN_BLOCK_CAPTURE_AUTORELEASING = YES;
				CLANG_WARN_BOOL_CONVERSION = YES;
				CLANG_WARN_COMMA = YES;
				CLANG_WARN_CONSTANT_CONVERSION = YES;
				CLANG_WARN_DEPRECATED_OBJC_IMPLEMENTATIONS = YES;
				CLANG_WARN_DIRECT_OBJC_ISA_USAGE = YES_ERROR;
				CLANG_WARN_DOCUMENTATION_COMMENTS = YES;
				CLANG_WARN_EMPTY_BODY = YES;
				CLANG_WARN_ENUM_CONVERSION = YES;
				CLANG_WARN_INFINITE_RECURSION = YES;
				CLANG_WARN_INT_CONVERSION = YES;
				CLANG_WARN_NON_LITERAL_NULL_CONVERSION = YES;
				CLANG_WARN_OBJC_IMPLICIT_RETAIN_SELF = YES;
				CLANG_WARN_OBJC_LITERAL_CONVERSION = YES;
				CLANG_WARN_OBJC_ROOT_CLASS = YES_ERROR;
				CLANG_WARN_QUOTED_INCLUDE_IN_FRAMEWORK_HEADER = YES;
				CLANG_WARN_RANGE_LOOP_ANALYSIS = YES;
				CLANG_WARN_STRICT_PROTOTYPES = YES;
				CLANG_WARN_SUSPICIOUS_MOVE = YES;
				CLANG_WARN_UNGUARDED_AVAILABILITY = YES_AGGRESSIVE;
				CLANG_WARN_UNREACHABLE_CODE = YES;
				CLANG_WARN__DUPLICATE_METHOD_MATCH = YES;
				COPY_PHASE_STRIP = NO;
				DEBUG_INFORMATION_FORMAT = dwarf;
				ENABLE_STRICT_OBJC_MSGSEND = YES;
				ENABLE_TESTABILITY = YES;
				GCC_C_LANGUAGE_STANDARD = gnu11;
				GCC_DYNAMIC_NO_PIC = NO;
				GCC_NO_COMMON_BLOCKS = YES;
				GCC_OPTIMIZATION_LEVEL = 0;
				GCC_PREPROCESSOR_DEFINITIONS = (
					"DEBUG=1",
					"$(inherited)",
				);
				GCC_WARN_64_TO_32_BIT_CONVERSION = YES;
				GCC_WARN_ABOUT_RETURN_TYPE = YES_ERROR;
				GCC_WARN_UNDECLARED_SELECTOR = YES;
				GCC_WARN_UNINITIALIZED_AUTOS = YES_AGGRESSIVE;
				GCC_WARN_UNUSED_FUNCTION = YES;
				GCC_WARN_UNUSED_VARIABLE = YES;
				IPHONEOS_DEPLOYMENT_TARGET = 15.2;
				MTL_ENABLE_DEBUG_INFO = INCLUDE_SOURCE;
				MTL_FAST_MATH = YES;
				ONLY_ACTIVE_ARCH = YES;
				SDKROOT = iphoneos;
				SWIFT_ACTIVE_COMPILATION_CONDITIONS = DEBUG;
				SWIFT_OPTIMIZATION_LEVEL = "-Onone";
			};
			name = Debug;
		};
		2442292F27DCA293002B4F85 /* Release */ = {
			isa = XCBuildConfiguration;
			buildSettings = {
				ALWAYS_SEARCH_USER_PATHS = NO;
				CLANG_ANALYZER_NONNULL = YES;
				CLANG_ANALYZER_NUMBER_OBJECT_CONVERSION = YES_AGGRESSIVE;
				CLANG_CXX_LANGUAGE_STANDARD = "gnu++17";
				CLANG_CXX_LIBRARY = "libc++";
				CLANG_ENABLE_MODULES = YES;
				CLANG_ENABLE_OBJC_ARC = YES;
				CLANG_ENABLE_OBJC_WEAK = YES;
				CLANG_WARN_BLOCK_CAPTURE_AUTORELEASING = YES;
				CLANG_WARN_BOOL_CONVERSION = YES;
				CLANG_WARN_COMMA = YES;
				CLANG_WARN_CONSTANT_CONVERSION = YES;
				CLANG_WARN_DEPRECATED_OBJC_IMPLEMENTATIONS = YES;
				CLANG_WARN_DIRECT_OBJC_ISA_USAGE = YES_ERROR;
				CLANG_WARN_DOCUMENTATION_COMMENTS = YES;
				CLANG_WARN_EMPTY_BODY = YES;
				CLANG_WARN_ENUM_CONVERSION = YES;
				CLANG_WARN_INFINITE_RECURSION = YES;
				CLANG_WARN_INT_CONVERSION = YES;
				CLANG_WARN_NON_LITERAL_NULL_CONVERSION = YES;
				CLANG_WARN_OBJC_IMPLICIT_RETAIN_SELF = YES;
				CLANG_WARN_OBJC_LITERAL_CONVERSION = YES;
				CLANG_WARN_OBJC_ROOT_CLASS = YES_ERROR;
				CLANG_WARN_QUOTED_INCLUDE_IN_FRAMEWORK_HEADER = YES;
				CLANG_WARN_RANGE_LOOP_ANALYSIS = YES;
				CLANG_WARN_STRICT_PROTOTYPES = YES;
				CLANG_WARN_SUSPICIOUS_MOVE = YES;
				CLANG_WARN_UNGUARDED_AVAILABILITY = YES_AGGRESSIVE;
				CLANG_WARN_UNREACHABLE_CODE = YES;
				CLANG_WARN__DUPLICATE_METHOD_MATCH = YES;
				COPY_PHASE_STRIP = NO;
				DEBUG_INFORMATION_FORMAT = "dwarf-with-dsym";
				ENABLE_NS_ASSERTIONS = NO;
				ENABLE_STRICT_OBJC_MSGSEND = YES;
				GCC_C_LANGUAGE_STANDARD = gnu11;
				GCC_NO_COMMON_BLOCKS = YES;
				GCC_WARN_64_TO_32_BIT_CONVERSION = YES;
				GCC_WARN_ABOUT_RETURN_TYPE = YES_ERROR;
				GCC_WARN_UNDECLARED_SELECTOR = YES;
				GCC_WARN_UNINITIALIZED_AUTOS = YES_AGGRESSIVE;
				GCC_WARN_UNUSED_FUNCTION = YES;
				GCC_WARN_UNUSED_VARIABLE = YES;
				IPHONEOS_DEPLOYMENT_TARGET = 15.2;
				MTL_ENABLE_DEBUG_INFO = NO;
				MTL_FAST_MATH = YES;
				SDKROOT = iphoneos;
				SWIFT_COMPILATION_MODE = wholemodule;
				SWIFT_OPTIMIZATION_LEVEL = "-O";
				VALIDATE_PRODUCT = YES;
			};
			name = Release;
		};
		2442293127DCA293002B4F85 /* Debug */ = {
			isa = XCBuildConfiguration;
			buildSettings = {
				ASSETCATALOG_COMPILER_APPICON_NAME = AppIcon;
				ASSETCATALOG_COMPILER_GLOBAL_ACCENT_COLOR_NAME = AccentColor;
				CODE_SIGN_STYLE = Automatic;
				CURRENT_PROJECT_VERSION = 1;
				DEVELOPMENT_ASSET_PATHS = "\"KrakenDemoApp/Preview Content\"";
				ENABLE_PREVIEWS = YES;
				GENERATE_INFOPLIST_FILE = YES;
				INFOPLIST_KEY_UIApplicationSceneManifest_Generation = YES;
				INFOPLIST_KEY_UIApplicationSupportsIndirectInputEvents = YES;
				INFOPLIST_KEY_UILaunchScreen_Generation = YES;
				INFOPLIST_KEY_UISupportedInterfaceOrientations_iPad = "UIInterfaceOrientationPortrait UIInterfaceOrientationPortraitUpsideDown UIInterfaceOrientationLandscapeLeft UIInterfaceOrientationLandscapeRight";
				INFOPLIST_KEY_UISupportedInterfaceOrientations_iPhone = "UIInterfaceOrientationPortrait UIInterfaceOrientationLandscapeLeft UIInterfaceOrientationLandscapeRight";
				LD_RUNPATH_SEARCH_PATHS = (
					"$(inherited)",
					"@executable_path/Frameworks",
				);
				MARKETING_VERSION = 1.0;
				PRODUCT_BUNDLE_IDENTIFIER = de.test.KrakenDemoApp;
				PRODUCT_NAME = "$(TARGET_NAME)";
				SWIFT_EMIT_LOC_STRINGS = YES;
				SWIFT_VERSION = 5.0;
				TARGETED_DEVICE_FAMILY = "1,2";
			};
			name = Debug;
		};
		2442293227DCA293002B4F85 /* Release */ = {
			isa = XCBuildConfiguration;
			buildSettings = {
				ASSETCATALOG_COMPILER_APPICON_NAME = AppIcon;
				ASSETCATALOG_COMPILER_GLOBAL_ACCENT_COLOR_NAME = AccentColor;
				CODE_SIGN_STYLE = Automatic;
				CURRENT_PROJECT_VERSION = 1;
				DEVELOPMENT_ASSET_PATHS = "\"KrakenDemoApp/Preview Content\"";
				ENABLE_PREVIEWS = YES;
				GENERATE_INFOPLIST_FILE = YES;
				INFOPLIST_KEY_UIApplicationSceneManifest_Generation = YES;
				INFOPLIST_KEY_UIApplicationSupportsIndirectInputEvents = YES;
				INFOPLIST_KEY_UILaunchScreen_Generation = YES;
				INFOPLIST_KEY_UISupportedInterfaceOrientations_iPad = "UIInterfaceOrientationPortrait UIInterfaceOrientationPortraitUpsideDown UIInterfaceOrientationLandscapeLeft UIInterfaceOrientationLandscapeRight";
				INFOPLIST_KEY_UISupportedInterfaceOrientations_iPhone = "UIInterfaceOrientationPortrait UIInterfaceOrientationLandscapeLeft UIInterfaceOrientationLandscapeRight";
				LD_RUNPATH_SEARCH_PATHS = (
					"$(inherited)",
					"@executable_path/Frameworks",
				);
				MARKETING_VERSION = 1.0;
				PRODUCT_BUNDLE_IDENTIFIER = de.test.KrakenDemoApp;
				PRODUCT_NAME = "$(TARGET_NAME)";
				SWIFT_EMIT_LOC_STRINGS = YES;
				SWIFT_VERSION = 5.0;
				TARGETED_DEVICE_FAMILY = "1,2";
			};
			name = Release;
		};
		2442293427DCA293002B4F85 /* Debug */ = {
			isa = XCBuildConfiguration;
			buildSettings = {
				ALWAYS_EMBED_SWIFT_STANDARD_LIBRARIES = YES;
				BUNDLE_LOADER = "$(TEST_HOST)";
				CODE_SIGN_STYLE = Automatic;
				CURRENT_PROJECT_VERSION = 1;
				GENERATE_INFOPLIST_FILE = YES;
				IPHONEOS_DEPLOYMENT_TARGET = 15.2;
				MARKETING_VERSION = 1.0;
				PRODUCT_BUNDLE_IDENTIFIER = de.test.KrakenDemoAppTests;
				PRODUCT_NAME = "$(TARGET_NAME)";
				SWIFT_EMIT_LOC_STRINGS = NO;
				SWIFT_VERSION = 5.0;
				TARGETED_DEVICE_FAMILY = "1,2";
				TEST_HOST = "$(BUILT_PRODUCTS_DIR)/KrakenDemoApp.app/KrakenDemoApp";
			};
			name = Debug;
		};
		2442293527DCA293002B4F85 /* Release */ = {
			isa = XCBuildConfiguration;
			buildSettings = {
				ALWAYS_EMBED_SWIFT_STANDARD_LIBRARIES = YES;
				BUNDLE_LOADER = "$(TEST_HOST)";
				CODE_SIGN_STYLE = Automatic;
				CURRENT_PROJECT_VERSION = 1;
				GENERATE_INFOPLIST_FILE = YES;
				IPHONEOS_DEPLOYMENT_TARGET = 15.2;
				MARKETING_VERSION = 1.0;
				PRODUCT_BUNDLE_IDENTIFIER = de.test.KrakenDemoAppTests;
				PRODUCT_NAME = "$(TARGET_NAME)";
				SWIFT_EMIT_LOC_STRINGS = NO;
				SWIFT_VERSION = 5.0;
				TARGETED_DEVICE_FAMILY = "1,2";
				TEST_HOST = "$(BUILT_PRODUCTS_DIR)/KrakenDemoApp.app/KrakenDemoApp";
			};
			name = Release;
		};
		2442293727DCA293002B4F85 /* Debug */ = {
			isa = XCBuildConfiguration;
			buildSettings = {
				ALWAYS_EMBED_SWIFT_STANDARD_LIBRARIES = YES;
				CODE_SIGN_STYLE = Automatic;
				CURRENT_PROJECT_VERSION = 1;
				GENERATE_INFOPLIST_FILE = YES;
				MARKETING_VERSION = 1.0;
				PRODUCT_BUNDLE_IDENTIFIER = de.test.KrakenDemoAppUITests;
				PRODUCT_NAME = "$(TARGET_NAME)";
				SWIFT_EMIT_LOC_STRINGS = NO;
				SWIFT_VERSION = 5.0;
				TARGETED_DEVICE_FAMILY = "1,2";
				TEST_TARGET_NAME = KrakenDemoApp;
			};
			name = Debug;
		};
		2442293827DCA293002B4F85 /* Release */ = {
			isa = XCBuildConfiguration;
			buildSettings = {
				ALWAYS_EMBED_SWIFT_STANDARD_LIBRARIES = YES;
				CODE_SIGN_STYLE = Automatic;
				CURRENT_PROJECT_VERSION = 1;
				GENERATE_INFOPLIST_FILE = YES;
				MARKETING_VERSION = 1.0;
				PRODUCT_BUNDLE_IDENTIFIER = de.test.KrakenDemoAppUITests;
				PRODUCT_NAME = "$(TARGET_NAME)";
				SWIFT_EMIT_LOC_STRINGS = NO;
				SWIFT_VERSION = 5.0;
				TARGETED_DEVICE_FAMILY = "1,2";
				TEST_TARGET_NAME = KrakenDemoApp;
			};
			name = Release;
		};
/* End XCBuildConfiguration section */

/* Begin XCConfigurationList section */
		2442290727DCA290002B4F85 /* Build configuration list for PBXProject "KrakenDemoApp" */ = {
			isa = XCConfigurationList;
			buildConfigurations = (
				2442292E27DCA293002B4F85 /* Debug */,
				2442292F27DCA293002B4F85 /* Release */,
			);
			defaultConfigurationIsVisible = 0;
			defaultConfigurationName = Release;
		};
		2442293027DCA293002B4F85 /* Build configuration list for PBXNativeTarget "KrakenDemoApp" */ = {
			isa = XCConfigurationList;
			buildConfigurations = (
				2442293127DCA293002B4F85 /* Debug */,
				2442293227DCA293002B4F85 /* Release */,
			);
			defaultConfigurationIsVisible = 0;
			defaultConfigurationName = Release;
		};
		2442293327DCA293002B4F85 /* Build configuration list for PBXNativeTarget "KrakenDemoAppTests" */ = {
			isa = XCConfigurationList;
			buildConfigurations = (
				2442293427DCA293002B4F85 /* Debug */,
				2442293527DCA293002B4F85 /* Release */,
			);
			defaultConfigurationIsVisible = 0;
			defaultConfigurationName = Release;
		};
		2442293627DCA293002B4F85 /* Build configuration list for PBXNativeTarget "KrakenDemoAppUITests" */ = {
			isa = XCConfigurationList;
			buildConfigurations = (
				2442293727DCA293002B4F85 /* Debug */,
				2442293827DCA293002B4F85 /* Release */,
			);
			defaultConfigurationIsVisible = 0;
			defaultConfigurationName = Release;
		};
/* End XCConfigurationList section */
	};
	rootObject = 2442290427DCA290002B4F85 /* Project object */;
}
